{
  "name": "cjs-install",
  "version": "1.0.0",
  "lockfileVersion": 3,
  "requires": true,
  "packages": {
    "": {
      "name": "cjs-install",
      "version": "1.0.0",
      "license": "ISC",
      "dependencies": {
        "@netglade/vite-plugin-root-redirect": "file:../../vite-plugin-root-redirect.tgz"
      }
    },
    "node_modules/@netglade/vite-plugin-root-redirect": {
      "version": "0.0.8",
      "resolved": "file:../../vite-plugin-root-redirect.tgz",
      "integrity": "sha512-Qmv6rykU6BOdxtTgCY5e3NoOcuGTuHYqjF5ioDZUbNQ+6LLIQBNpsTUQ9egdtJ/cPavsRW9Su5yss3rt2ziN4w==",
      "license": "MIT"
    }
  }
}
